
Microsoft Visual Studio Solution File, Format Version 12.00
# Visual Studio Version 17
VisualStudioVersion = 17.13.35919.96
MinimumVisualStudioVersion = 10.0.40219.1
Project("{FAE04EC0-301F-11D3-BF4B-00C04F79EFBC}") = "ApiNight.EntityLayer", "ApiNight.EntityLayer\ApiNight.EntityLayer.csproj", "{3D7D0A87-9184-4E11-ABD8-D1DE8A8FB98C}"
EndProject
Project("{FAE04EC0-301F-11D3-BF4B-00C04F79EFBC}") = "ApiNight.DataAccessLayer", "ApiNight.DataAccessLayer\ApiNight.DataAccessLayer.csproj", "{426CD3BB-D0C9-4572-A06B-10340A760160}"
EndProject
Project("{FAE04EC0-301F-11D3-BF4B-00C04F79EFBC}") = "ApiNight.BusinessLayer", "ApiNight.BusinessLayer\ApiNight.BusinessLayer.csproj", "{20A80791-3B74-42BC-8288-FFAADBC92617}"
EndProject
Project("{FAE04EC0-301F-11D3-BF4B-00C04F79EFBC}") = "ApiNight.WebApi", "ApiNight.WebApi\ApiNight.WebApi.csproj", "{B487340F-9526-4900-95AB-C9C050A4EF99}"
EndProject
Project("{FAE04EC0-301F-11D3-BF4B-00C04F79EFBC}") = "ApiNight.WebUI", "ApiNight.WebUI\ApiNight.WebUI.csproj", "{2A09DE7F-EF84-4AE3-BB74-7A3EC757D78B}"
EndProject
Global
	GlobalSection(SolutionConfigurationPlatforms) = preSolution
		Debug|Any CPU = Debug|Any CPU
		Release|Any CPU = Release|Any CPU
	EndGlobalSection
	GlobalSection(ProjectConfigurationPlatforms) = postSolution
		{3D7D0A87-9184-4E11-ABD8-D1DE8A8FB98C}.Debug|Any CPU.ActiveCfg = Debug|Any CPU
		{3D7D0A87-9184-4E11-ABD8-D1DE8A8FB98C}.Debug|Any CPU.Build.0 = Debug|Any CPU
		{3D7D0A87-9184-4E11-ABD8-D1DE8A8FB98C}.Release|Any CPU.ActiveCfg = Release|Any CPU
		{3D7D0A87-9184-4E11-ABD8-D1DE8A8FB98C}.Release|Any CPU.Build.0 = Release|Any CPU
		{426CD3BB-D0C9-4572-A06B-10340A760160}.Debug|Any CPU.ActiveCfg = Debug|Any CPU
		{426CD3BB-D0C9-4572-A06B-10340A760160}.Debug|Any CPU.Build.0 = Debug|Any CPU
		{426CD3BB-D0C9-4572-A06B-10340A760160}.Release|Any CPU.ActiveCfg = Release|Any CPU
		{426CD3BB-D0C9-4572-A06B-10340A760160}.Release|Any CPU.Build.0 = Release|Any CPU
		{20A80791-3B74-42BC-8288-FFAADBC92617}.Debug|Any CPU.ActiveCfg = Debug|Any CPU
		{20A80791-3B74-42BC-8288-FFAADBC92617}.Debug|Any CPU.Build.0 = Debug|Any CPU
		{20A80791-3B74-42BC-8288-FFAADBC92617}.Release|Any CPU.ActiveCfg = Release|Any CPU
		{20A80791-3B74-42BC-8288-FFAADBC92617}.Release|Any CPU.Build.0 = Release|Any CPU
		{B487340F-9526-4900-95AB-C9C050A4EF99}.Debug|Any CPU.ActiveCfg = Debug|Any CPU
		{B487340F-9526-4900-95AB-C9C050A4EF99}.Debug|Any CPU.Build.0 = Debug|Any CPU
		{B487340F-9526-4900-95AB-C9C050A4EF99}.Release|Any CPU.ActiveCfg = Release|Any CPU
		{B487340F-9526-4900-95AB-C9C050A4EF99}.Release|Any CPU.Build.0 = Release|Any CPU
		{2A09DE7F-EF84-4AE3-BB74-7A3EC757D78B}.Debug|Any CPU.ActiveCfg = Debug|Any CPU
		{2A09DE7F-EF84-4AE3-BB74-7A3EC757D78B}.Debug|Any CPU.Build.0 = Debug|Any CPU
		{2A09DE7F-EF84-4AE3-BB74-7A3EC757D78B}.Release|Any CPU.ActiveCfg = Release|Any CPU
		{2A09DE7F-EF84-4AE3-BB74-7A3EC757D78B}.Release|Any CPU.Build.0 = Release|Any CPU
	EndGlobalSection
	GlobalSection(SolutionProperties) = preSolution
		HideSolutionNode = FALSE
	EndGlobalSection
	GlobalSection(ExtensibilityGlobals) = postSolution
		SolutionGuid = {73C9F0DE-CC29-4F27-899D-071C1D68F57B}
	EndGlobalSection
EndGlobal
